
Microsoft Visual Studio Solution File, Format Version 12.00
# Visual Studio Version 16
VisualStudioVersion = 16.0.31729.503
MinimumVisualStudioVersion = 10.0.40219.1
Project("{FAE04EC0-301F-11D3-BF4B-00C04F79EFBC}") = "PooEjercicios12Punto.Windows", "PooEjercicios12Punto.Windows\PooEjercicios12Punto.Windows.csproj", "{0FABA399-3511-43D5-B488-BED928A9C57A}"
EndProject
Project("{FAE04EC0-301F-11D3-BF4B-00C04F79EFBC}") = "PooEjercicios12Punto.Entidades", "PooEjercicios12Punto.Entidades\PooEjercicios12Punto.Entidades.csproj", "{53D37738-F192-4870-BBF1-55327537C6F8}"
EndProject
Project("{FAE04EC0-301F-11D3-BF4B-00C04F79EFBC}") = "PooEjercicios12Punto.Datos", "PooEjercicios12Punto.Datos\PooEjercicios12Punto.Datos.csproj", "{8E7F7D97-1C22-4B3A-B4C5-46725BDB4D93}"
EndProject
Global
	GlobalSection(SolutionConfigurationPlatforms) = preSolution
		Debug|Any CPU = Debug|Any CPU
		Release|Any CPU = Release|Any CPU
	EndGlobalSection
	GlobalSection(ProjectConfigurationPlatforms) = postSolution
		{0FABA399-3511-43D5-B488-BED928A9C57A}.Debug|Any CPU.ActiveCfg = Debug|Any CPU
		{0FABA399-3511-43D5-B488-BED928A9C57A}.Debug|Any CPU.Build.0 = Debug|Any CPU
		{0FABA399-3511-43D5-B488-BED928A9C57A}.Release|Any CPU.ActiveCfg = Release|Any CPU
		{0FABA399-3511-43D5-B488-BED928A9C57A}.Release|Any CPU.Build.0 = Release|Any CPU
		{53D37738-F192-4870-BBF1-55327537C6F8}.Debug|Any CPU.ActiveCfg = Debug|Any CPU
		{53D37738-F192-4870-BBF1-55327537C6F8}.Debug|Any CPU.Build.0 = Debug|Any CPU
		{53D37738-F192-4870-BBF1-55327537C6F8}.Release|Any CPU.ActiveCfg = Release|Any CPU
		{53D37738-F192-4870-BBF1-55327537C6F8}.Release|Any CPU.Build.0 = Release|Any CPU
		{8E7F7D97-1C22-4B3A-B4C5-46725BDB4D93}.Debug|Any CPU.ActiveCfg = Debug|Any CPU
		{8E7F7D97-1C22-4B3A-B4C5-46725BDB4D93}.Debug|Any CPU.Build.0 = Debug|Any CPU
		{8E7F7D97-1C22-4B3A-B4C5-46725BDB4D93}.Release|Any CPU.ActiveCfg = Release|Any CPU
		{8E7F7D97-1C22-4B3A-B4C5-46725BDB4D93}.Release|Any CPU.Build.0 = Release|Any CPU
	EndGlobalSection
	GlobalSection(SolutionProperties) = preSolution
		HideSolutionNode = FALSE
	EndGlobalSection
	GlobalSection(ExtensibilityGlobals) = postSolution
		SolutionGuid = {740B50C5-6D43-4E0B-A1DC-A78E5B04A49D}
	EndGlobalSection
EndGlobal
